lockfileVersion: '9.0'

settings:
  autoInstallPeers: true
  excludeLinksFromLockfile: false

importers:

  .:
    dependencies:
      '@dotenvx/dotenvx':
        specifier: ^1.48.3
        version: 1.48.3
      '@stablelib/hex':
        specifier: ^2.0.1
        version: 2.0.1
      '@stablelib/utf8':
        specifier: ^2.0.1
        version: 2.0.1
      xrpl:
        specifier: ^4.3.0
        version: 4.3.0
    devDependencies:
      '@types/node':
        specifier: ^24.1.0
        version: 24.1.0

packages:

  '@dotenvx/dotenvx@1.48.3':
    resolution: {integrity: sha512-7Tk0Rzgz0SEkaJRGijbKtVDHHztHz9fyXwcDT86VtD1fGVRirk4aBKUud1PEQdhwcg+jDblKGoXeA+I7J60CxQ==}
    hasBin: true

  '@ecies/ciphers@0.2.4':
    resolution: {integrity: sha512-t+iX+Wf5nRKyNzk8dviW3Ikb/280+aEJAnw9YXvCp2tYGPSkMki+NRY+8aNLmVFv3eNtMdvViPNOPxS8SZNP+w==}
    engines: {bun: '>=1', deno: '>=2', node: '>=16'}
    peerDependencies:
      '@noble/ciphers': ^1.0.0

  '@noble/ciphers@1.3.0':
    resolution: {integrity: sha512-2I0gnIVPtfnMw9ee9h1dJG7tp81+8Ob3OJb3Mv37rx5L40/b0i7djjCVvGOVqc9AEIQyvyu1i6ypKdFw8R8gQw==}
    engines: {node: ^14.21.3 || >=16}

  '@noble/curves@1.9.4':
    resolution: {integrity: sha512-2bKONnuM53lINoDrSmK8qP8W271ms7pygDhZt4SiLOoLwBtoHqeCFi6RG42V8zd3mLHuJFhU/Bmaqo4nX0/kBw==}
    engines: {node: ^14.21.3 || >=16}

  '@noble/hashes@1.8.0':
    resolution: {integrity: sha512-jCs9ldd7NwzpgXDIf6P3+NrHh9/sD6CQdxHyjQI+h/6rDNo88ypBxxz45UDuZHz9r3tNz7N/VInSVoVdtXEI4A==}
    engines: {node: ^14.21.3 || >=16}

  '@scure/base@1.2.6':
    resolution: {integrity: sha512-g/nm5FgUa//MCj1gV09zTJTaM6KBAHqLN907YVQqf7zC49+DcO4B1so4ZX07Ef10Twr6nuqYEH9GEggFXA4Fmg==}

  '@scure/bip32@1.7.0':
    resolution: {integrity: sha512-E4FFX/N3f4B80AKWp5dP6ow+flD1LQZo/w8UnLGYZO674jS6YnYeepycOOksv+vLPSpgN35wgKgy+ybfTb2SMw==}

  '@scure/bip39@1.6.0':
    resolution: {integrity: sha512-+lF0BbLiJNwVlev4eKelw1WWLaiKXw7sSl8T6FvBlWkdX+94aGJ4o8XjUdlyhTCjd8c+B3KT3JfS8P0bLRNU6A==}

  '@stablelib/hex@2.0.1':
    resolution: {integrity: sha512-nsAgs3109myeijRQg3HASq3vlxe/8uDKHEUuIwn9ZLxfWtXavgojAGLBjI7Sda6seOhy7rKrpmeehYo0Z5VGQA==}

  '@stablelib/utf8@2.0.1':
    resolution: {integrity: sha512-7+C2Iap42fbLyoKMaEIIDSb1TrcQVo+lGDItYAwb2JoAJr7QffyuDnbtvV/qzTyokOIMBrJgT+Rpsp1bPR8SjA==}

  '@types/node@24.1.0':
    resolution: {integrity: sha512-ut5FthK5moxFKH2T1CUOC6ctR67rQRvvHdFLCD2Ql6KXmMuCrjsSsRI9UsLCm9M18BMwClv4pn327UvB7eeO1w==}

  '@xrplf/isomorphic@1.0.1':
    resolution: {integrity: sha512-0bIpgx8PDjYdrLFeC3csF305QQ1L7sxaWnL5y71mCvhenZzJgku9QsA+9QCXBC1eNYtxWO/xR91zrXJy2T/ixg==}
    engines: {node: '>=16.0.0'}

  '@xrplf/secret-numbers@1.0.0':
    resolution: {integrity: sha512-qsCLGyqe1zaq9j7PZJopK+iGTGRbk6akkg6iZXJJgxKwck0C5x5Gnwlb1HKYGOwPKyrXWpV6a2YmcpNpUFctGg==}

  bignumber.js@9.3.1:
    resolution: {integrity: sha512-Ko0uX15oIUS7wJ3Rb30Fs6SkVbLmPBAKdlm7q9+ak9bbIeFf0MwuBsQV6z7+X768/cHsfg+WlysDWJcmthjsjQ==}

  commander@11.1.0:
    resolution: {integrity: sha512-yPVavfyCcRhmorC7rWlkHn15b4wDVgVmBA7kV4QVBsF7kv/9TKJAbAXVTxvTnwP8HHKjRCJDClKbciiYS7p0DQ==}
    engines: {node: '>=16'}

  cross-spawn@7.0.6:
    resolution: {integrity: sha512-uV2QOWP2nWzsy2aMp8aRibhi9dlzF5Hgh5SHaB9OiTGEyDTiJJyx0uy51QXdyWbtAHNua4XJzUKca3OzKUd3vA==}
    engines: {node: '>= 8'}

  dotenv@16.6.1:
    resolution: {integrity: sha512-uBq4egWHTcTt33a72vpSG0z3HnPuIl6NqYcTrKEg2azoEyl2hpW0zqlxysq2pK9HlDIHyHyakeYaYnSAwd8bow==}
    engines: {node: '>=12'}

  eciesjs@0.4.15:
    resolution: {integrity: sha512-r6kEJXDKecVOCj2nLMuXK/FCPeurW33+3JRpfXVbjLja3XUYFfD9I/JBreH6sUyzcm3G/YQboBjMla6poKeSdA==}
    engines: {bun: '>=1', deno: '>=2', node: '>=16'}

  eventemitter3@5.0.1:
    resolution: {integrity: sha512-GWkBvjiSZK87ELrYOSESUYeVIc9mvLLf/nXalMOS5dYrgZq9o5OVkbZAVM06CVxYsCwH9BDZFPlQTlPA1j4ahA==}

  execa@5.1.1:
    resolution: {integrity: sha512-8uSpZZocAZRBAPIEINJj3Lo9HyGitllczc27Eh5YYojjMFMn8yHMDMaUHE2Jqfq05D/wucwI4JGURyXt1vchyg==}
    engines: {node: '>=10'}

  fdir@6.4.6:
    resolution: {integrity: sha512-hiFoqpyZcfNm1yc4u8oWCf9A2c4D3QjCrks3zmoVKVxpQRzmPNar1hUJcBG2RQHvEVGDN+Jm81ZheVLAQMK6+w==}
    peerDependencies:
      picomatch: ^3 || ^4
    peerDependenciesMeta:
      picomatch:
        optional: true

  get-stream@6.0.1:
    resolution: {integrity: sha512-ts6Wi+2j3jQjqi70w5AlN8DFnkSwC+MqmxEzdEALB2qXZYV3X/b1CTfgPLGJNMeAWxdPfU8FO1ms3NUfaHCPYg==}
    engines: {node: '>=10'}

  human-signals@2.1.0:
    resolution: {integrity: sha512-B4FFZ6q/T2jhhksgkbEW3HBvWIfDW85snkQgawt07S7J5QXTk6BkNV+0yAeZrM5QpMAdYlocGoljn0sJ/WQkFw==}
    engines: {node: '>=10.17.0'}

  ignore@5.3.2:
    resolution: {integrity: sha512-hsBTNUqQTDwkWtcdYI2i06Y/nUBEsNEDJKjWdigLvegy8kDuJAS8uRlpkkcQpyEXL0Z/pjDy5HBmMjRCJ2gq+g==}
    engines: {node: '>= 4'}

  is-stream@2.0.1:
    resolution: {integrity: sha512-hFoiJiTl63nn+kstHGBtewWSKnQLpyb155KHheA1l39uvtO9nWIop1p3udqPcUd/xbF1VLMO4n7OI6p7RbngDg==}
    engines: {node: '>=8'}

  isexe@2.0.0:
    resolution: {integrity: sha512-RHxMLp9lnKHGHRng9QFhRCMbYAcVpn69smSGcq3f36xjgVVWThj4qqLbTLlq7Ssj8B+fIQ1EuCEGI2lKsyQeIw==}

  isexe@3.1.1:
    resolution: {integrity: sha512-LpB/54B+/2J5hqQ7imZHfdU31OlgQqx7ZicVlkm9kzg9/w8GKLEcFfJl/t7DCEDueOyBAD6zCCwTO6Fzs0NoEQ==}
    engines: {node: '>=16'}

  merge-stream@2.0.0:
    resolution: {integrity: sha512-abv/qOcuPfk3URPfDzmZU1LKmuw8kT+0nIHvKrKgFrwifol/doWcdA4ZqsWQ8ENrFKkd67Mfpo/LovbIUsbt3w==}

  mimic-fn@2.1.0:
    resolution: {integrity: sha512-OqbOk5oEQeAZ8WXWydlu9HJjz9WVdEIvamMCcXmuqUYjTknH/sqsWvhQ3vgwKFRR1HpjvNBKQ37nbJgYzGqGcg==}
    engines: {node: '>=6'}

  npm-run-path@4.0.1:
    resolution: {integrity: sha512-S48WzZW777zhNIrn7gxOlISNAqi9ZC/uQFnRdbeIHhZhCA6UqpkOT8T1G7BvfdgP4Er8gF4sUbaS0i7QvIfCWw==}
    engines: {node: '>=8'}

  object-treeify@1.1.33:
    resolution: {integrity: sha512-EFVjAYfzWqWsBMRHPMAXLCDIJnpMhdWAqR7xG6M6a2cs6PMFpl/+Z20w9zDW4vkxOFfddegBKq9Rehd0bxWE7A==}
    engines: {node: '>= 10'}

  onetime@5.1.2:
    resolution: {integrity: sha512-kbpaSSGJTWdAY5KPVeMOKXSrPtr8C8C7wodJbcsd51jRnmD+GZu8Y0VoU6Dm5Z4vWr0Ig/1NKuWRKf7j5aaYSg==}
    engines: {node: '>=6'}

  path-key@3.1.1:
    resolution: {integrity: sha512-ojmeN0qd+y0jszEtoY48r0Peq5dwMEkIlCOu6Q5f41lfkswXuKtYrhgoTpLnyIcHm24Uhqx+5Tqm2InSwLhE6Q==}
    engines: {node: '>=8'}

  picomatch@4.0.3:
    resolution: {integrity: sha512-5gTmgEY/sqK6gFXLIsQNH19lWb4ebPDLA4SdLP7dsWkIXHWlG66oPuVvXSGFPppYZz8ZDZq0dYYrbHfBCVUb1Q==}
    engines: {node: '>=12'}

  ripple-address-codec@5.0.0:
    resolution: {integrity: sha512-de7osLRH/pt5HX2xw2TRJtbdLLWHu0RXirpQaEeCnWKY5DYHykh3ETSkofvm0aX0LJiV7kwkegJxQkmbO94gWw==}
    engines: {node: '>= 16'}

  ripple-binary-codec@2.4.1:
    resolution: {integrity: sha512-ABwQnWE1WBOvya9WIJ/KiogdsulOw5X8IrIZ3wW0Ec1hiWUNitNuI9LhN9XwHhNFuuvZyRAr+SzgFTBTCTfxFg==}
    engines: {node: '>= 18'}

  ripple-keypairs@2.0.0:
    resolution: {integrity: sha512-b5rfL2EZiffmklqZk1W+dvSy97v3V/C7936WxCCgDynaGPp7GE6R2XO7EU9O2LlM/z95rj870IylYnOQs+1Rag==}
    engines: {node: '>= 16'}

  shebang-command@2.0.0:
    resolution: {integrity: sha512-kHxr2zZpYtdmrN1qDjrrX/Z1rR1kG8Dx+gkpK1G4eXmvXswmcE1hTWBWYUzlraYw1/yZp6YuDY77YtvbN0dmDA==}
    engines: {node: '>=8'}

  shebang-regex@3.0.0:
    resolution: {integrity: sha512-7++dFhtcx3353uBaq8DDR4NuxBetBzC7ZQOhmTQInHEd6bSrXdiEyzCvG07Z44UYdLShWUyXt5M/yhz8ekcb1A==}
    engines: {node: '>=8'}

  signal-exit@3.0.7:
    resolution: {integrity: sha512-wnD2ZE+l+SPC/uoS0vXeE9L1+0wuaMqKlfz9AMUo38JsyLSBWSFcHR1Rri62LZc12vLr1gb3jl7iwQhgwpAbGQ==}

  strip-final-newline@2.0.0:
    resolution: {integrity: sha512-BrpvfNAE3dcvq7ll3xVumzjKjZQ5tI1sEUIKr3Uoks0XUl45St3FlatVqef9prk4jRDzhW6WZg+3bk93y6pLjA==}
    engines: {node: '>=6'}

  undici-types@7.8.0:
    resolution: {integrity: sha512-9UJ2xGDvQ43tYyVMpuHlsgApydB8ZKfVYTsLDhXkFL/6gfkp+U8xTGdh8pMJv1SpZna0zxG1DwsKZsreLbXBxw==}

  which@2.0.2:
    resolution: {integrity: sha512-BLI3Tl1TW3Pvl70l3yq3Y64i+awpwXqsGBYWkkqMtnbXgrMD+yj7rhW0kuEDxzJaYXGjEW5ogapKNMEKNMjibA==}
    engines: {node: '>= 8'}
    hasBin: true

  which@4.0.0:
    resolution: {integrity: sha512-GlaYyEb07DPxYCKhKzplCWBJtvxZcZMrL+4UkrTSJHHPyZU4mYYTv3qaOe77H7EODLSSopAUFAc6W8U4yqvscg==}
    engines: {node: ^16.13.0 || >=18.0.0}
    hasBin: true

  ws@8.18.3:
    resolution: {integrity: sha512-PEIGCY5tSlUt50cqyMXfCzX+oOPqN0vuGqWzbcJ2xvnkzkq46oOpz7dQaTDBdfICb4N14+GARUDw2XV2N4tvzg==}
    engines: {node: '>=10.0.0'}
    peerDependencies:
      bufferutil: ^4.0.1
      utf-8-validate: '>=5.0.2'
    peerDependenciesMeta:
      bufferutil:
        optional: true
      utf-8-validate:
        optional: true

  xrpl@4.3.0:
    resolution: {integrity: sha512-MW/VyWyTGNmfmt5EaPexKb7ojcnobdzaqtm5UC9NErtlq7IgayqAZpMI26ptOzQolGndK7vOk8U0iOBpMSykJQ==}
    engines: {node: '>=18.0.0'}

snapshots:

  '@dotenvx/dotenvx@1.48.3':
    dependencies:
      commander: 11.1.0
      dotenv: 16.6.1
      eciesjs: 0.4.15
      execa: 5.1.1
      fdir: 6.4.6(picomatch@4.0.3)
      ignore: 5.3.2
      object-treeify: 1.1.33
      picomatch: 4.0.3
      which: 4.0.0

  '@ecies/ciphers@0.2.4(@noble/ciphers@1.3.0)':
    dependencies:
      '@noble/ciphers': 1.3.0

  '@noble/ciphers@1.3.0': {}

  '@noble/curves@1.9.4':
    dependencies:
      '@noble/hashes': 1.8.0

  '@noble/hashes@1.8.0': {}

  '@scure/base@1.2.6': {}

  '@scure/bip32@1.7.0':
    dependencies:
      '@noble/curves': 1.9.4
      '@noble/hashes': 1.8.0
      '@scure/base': 1.2.6

  '@scure/bip39@1.6.0':
    dependencies:
      '@noble/hashes': 1.8.0
      '@scure/base': 1.2.6

  '@stablelib/hex@2.0.1': {}

  '@stablelib/utf8@2.0.1': {}

  '@types/node@24.1.0':
    dependencies:
      undici-types: 7.8.0

  '@xrplf/isomorphic@1.0.1':
    dependencies:
      '@noble/hashes': 1.8.0
      eventemitter3: 5.0.1
      ws: 8.18.3
    transitivePeerDependencies:
      - bufferutil
      - utf-8-validate

  '@xrplf/secret-numbers@1.0.0':
    dependencies:
      '@xrplf/isomorphic': 1.0.1
      ripple-keypairs: 2.0.0
    transitivePeerDependencies:
      - bufferutil
      - utf-8-validate

  bignumber.js@9.3.1: {}

  commander@11.1.0: {}

  cross-spawn@7.0.6:
    dependencies:
      path-key: 3.1.1
      shebang-command: 2.0.0
      which: 2.0.2

  dotenv@16.6.1: {}

  eciesjs@0.4.15:
    dependencies:
      '@ecies/ciphers': 0.2.4(@noble/ciphers@1.3.0)
      '@noble/ciphers': 1.3.0
      '@noble/curves': 1.9.4
      '@noble/hashes': 1.8.0

  eventemitter3@5.0.1: {}

  execa@5.1.1:
    dependencies:
      cross-spawn: 7.0.6
      get-stream: 6.0.1
      human-signals: 2.1.0
      is-stream: 2.0.1
      merge-stream: 2.0.0
      npm-run-path: 4.0.1
      onetime: 5.1.2
      signal-exit: 3.0.7
      strip-final-newline: 2.0.0

  fdir@6.4.6(picomatch@4.0.3):
    optionalDependencies:
      picomatch: 4.0.3

  get-stream@6.0.1: {}

  human-signals@2.1.0: {}

  ignore@5.3.2: {}

  is-stream@2.0.1: {}

  isexe@2.0.0: {}

  isexe@3.1.1: {}

  merge-stream@2.0.0: {}

  mimic-fn@2.1.0: {}

  npm-run-path@4.0.1:
    dependencies:
      path-key: 3.1.1

  object-treeify@1.1.33: {}

  onetime@5.1.2:
    dependencies:
      mimic-fn: 2.1.0

  path-key@3.1.1: {}

  picomatch@4.0.3: {}

  ripple-address-codec@5.0.0:
    dependencies:
      '@scure/base': 1.2.6
      '@xrplf/isomorphic': 1.0.1
    transitivePeerDependencies:
      - bufferutil
      - utf-8-validate

  ripple-binary-codec@2.4.1:
    dependencies:
      '@xrplf/isomorphic': 1.0.1
      bignumber.js: 9.3.1
      ripple-address-codec: 5.0.0
    transitivePeerDependencies:
      - bufferutil
      - utf-8-validate

  ripple-keypairs@2.0.0:
    dependencies:
      '@noble/curves': 1.9.4
      '@xrplf/isomorphic': 1.0.1
      ripple-address-codec: 5.0.0
    transitivePeerDependencies:
      - bufferutil
      - utf-8-validate

  shebang-command@2.0.0:
    dependencies:
      shebang-regex: 3.0.0

  shebang-regex@3.0.0: {}

  signal-exit@3.0.7: {}

  strip-final-newline@2.0.0: {}

  undici-types@7.8.0: {}

  which@2.0.2:
    dependencies:
      isexe: 2.0.0

  which@4.0.0:
    dependencies:
      isexe: 3.1.1

  ws@8.18.3: {}

  xrpl@4.3.0:
    dependencies:
      '@scure/bip32': 1.7.0
      '@scure/bip39': 1.6.0
      '@xrplf/isomorphic': 1.0.1
      '@xrplf/secret-numbers': 1.0.0
      bignumber.js: 9.3.1
      eventemitter3: 5.0.1
      ripple-address-codec: 5.0.0
      ripple-binary-codec: 2.4.1
      ripple-keypairs: 2.0.0
    transitivePeerDependencies:
      - bufferutil
      - utf-8-validate
